
Microsoft Visual Studio Solution File, Format Version 12.00
# Visual Studio Version 17
VisualStudioVersion = 17.1.32228.430
MinimumVisualStudioVersion = 10.0.40219.1
Project("{FAE04EC0-301F-11D3-BF4B-00C04F79EFBC}") = "NewsReader", "NewsReader\NewsReader.csproj", "{F16B14D5-C034-45E9-95EE-609B35EE8B53}"
EndProject
Global
	GlobalSection(SolutionConfigurationPlatforms) = preSolution
		Debug|Any CPU = Debug|Any CPU
		Release|Any CPU = Release|Any CPU
	EndGlobalSection
	GlobalSection(ProjectConfigurationPlatforms) = postSolution
		{F16B14D5-C034-45E9-95EE-609B35EE8B53}.Debug|Any CPU.ActiveCfg = Debug|Any CPU
		{F16B14D5-C034-45E9-95EE-609B35EE8B53}.Debug|Any CPU.Build.0 = Debug|Any CPU
		{F16B14D5-C034-45E9-95EE-609B35EE8B53}.Release|Any CPU.ActiveCfg = Release|Any CPU
		{F16B14D5-C034-45E9-95EE-609B35EE8B53}.Release|Any CPU.Build.0 = Release|Any CPU
	EndGlobalSection
	GlobalSection(SolutionProperties) = preSolution
		HideSolutionNode = FALSE
	EndGlobalSection
	GlobalSection(ExtensibilityGlobals) = postSolution
		SolutionGuid = {5401DD21-2346-4CA7-B7EC-D497007B94AE}
	EndGlobalSection
EndGlobal
